
Microsoft Visual Studio Solution File, Format Version 12.00
# Visual Studio 14
VisualStudioVersion = 14.0.25420.1
MinimumVisualStudioVersion = 10.0.40219.1
Project("{FAE04EC0-301F-11D3-BF4B-00C04F79EFBC}") = "CalcSW_XForms.Droid", "CalcSW_XForms\CalcSW_XForms.Droid\CalcSW_XForms.Droid.csproj", "{97DC6C1E-979D-41D0-8C67-C523D6E79431}"
EndProject
Project("{FAE04EC0-301F-11D3-BF4B-00C04F79EFBC}") = "CalcSW_XForms.iOS", "CalcSW_XForms\CalcSW_XForms.iOS\CalcSW_XForms.iOS.csproj", "{56184560-C448-412B-8C96-D0538312360E}"
EndProject
Project("{FAE04EC0-301F-11D3-BF4B-00C04F79EFBC}") = "CalcSW_XForms.WinPhone", "CalcSW_XForms\CalcSW_XForms.WinPhone\CalcSW_XForms.WinPhone.csproj", "{791AC08D-8D62-4239-A4B8-B40BD564EEF2}"
EndProject
Project("{FAE04EC0-301F-11D3-BF4B-00C04F79EFBC}") = "CalcSW_XForms.UWP", "CalcSW_XForms\CalcSW_XForms.UWP\CalcSW_XForms.UWP.csproj", "{A149B300-117F-41E2-B810-64B25417E1CD}"
EndProject
Project("{FAE04EC0-301F-11D3-BF4B-00C04F79EFBC}") = "CalcSW_XForms.Windows", "CalcSW_XForms\CalcSW_XForms.Windows\CalcSW_XForms.Windows.csproj", "{BF37E50C-26F5-4FB7-A926-BED9001FFE36}"
EndProject
Project("{FAE04EC0-301F-11D3-BF4B-00C04F79EFBC}") = "CalcSW_XForms", "CalcSW_XForms\CalcSW_XForms\CalcSW_XForms.csproj", "{1A74890D-85E2-4368-8D86-82F9AA3E5B5D}"
EndProject
Global
	GlobalSection(SolutionConfigurationPlatforms) = preSolution
		Ad-Hoc|Any CPU = Ad-Hoc|Any CPU
		Ad-Hoc|ARM = Ad-Hoc|ARM
		Ad-Hoc|iPhone = Ad-Hoc|iPhone
		Ad-Hoc|iPhoneSimulator = Ad-Hoc|iPhoneSimulator
		Ad-Hoc|x64 = Ad-Hoc|x64
		Ad-Hoc|x86 = Ad-Hoc|x86
		AppStore|Any CPU = AppStore|Any CPU
		AppStore|ARM = AppStore|ARM
		AppStore|iPhone = AppStore|iPhone
		AppStore|iPhoneSimulator = AppStore|iPhoneSimulator
		AppStore|x64 = AppStore|x64
		AppStore|x86 = AppStore|x86
		Debug|Any CPU = Debug|Any CPU
		Debug|ARM = Debug|ARM
		Debug|iPhone = Debug|iPhone
		Debug|iPhoneSimulator = Debug|iPhoneSimulator
		Debug|x64 = Debug|x64
		Debug|x86 = Debug|x86
		Release|Any CPU = Release|Any CPU
		Release|ARM = Release|ARM
		Release|iPhone = Release|iPhone
		Release|iPhoneSimulator = Release|iPhoneSimulator
		Release|x64 = Release|x64
		Release|x86 = Release|x86
	EndGlobalSection
	GlobalSection(ProjectConfigurationPlatforms) = postSolution
		{97DC6C1E-979D-41D0-8C67-C523D6E79431}.Ad-Hoc|Any CPU.ActiveCfg = Release|Any CPU
		{97DC6C1E-979D-41D0-8C67-C523D6E79431}.Ad-Hoc|Any CPU.Build.0 = Release|Any CPU
		{97DC6C1E-979D-41D0-8C67-C523D6E79431}.Ad-Hoc|Any CPU.Deploy.0 = Release|Any CPU
		{97DC6C1E-979D-41D0-8C67-C523D6E79431}.Ad-Hoc|ARM.ActiveCfg = Release|Any CPU
		{97DC6C1E-979D-41D0-8C67-C523D6E79431}.Ad-Hoc|ARM.Build.0 = Release|Any CPU
		{97DC6C1E-979D-41D0-8C67-C523D6E79431}.Ad-Hoc|ARM.Deploy.0 = Release|Any CPU
		{97DC6C1E-979D-41D0-8C67-C523D6E79431}.Ad-Hoc|iPhone.ActiveCfg = Release|Any CPU
		{97DC6C1E-979D-41D0-8C67-C523D6E79431}.Ad-Hoc|iPhone.Build.0 = Release|Any CPU
		{97DC6C1E-979D-41D0-8C67-C523D6E79431}.Ad-Hoc|iPhone.Deploy.0 = Release|Any CPU
		{97DC6C1E-979D-41D0-8C67-C523D6E79431}.Ad-Hoc|iPhoneSimulator.ActiveCfg = Release|Any CPU
		{97DC6C1E-979D-41D0-8C67-C523D6E79431}.Ad-Hoc|iPhoneSimulator.Build.0 = Release|Any CPU
		{97DC6C1E-979D-41D0-8C67-C523D6E79431}.Ad-Hoc|iPhoneSimulator.Deploy.0 = Release|Any CPU
		{97DC6C1E-979D-41D0-8C67-C523D6E79431}.Ad-Hoc|x64.ActiveCfg = Release|Any CPU
		{97DC6C1E-979D-41D0-8C67-C523D6E79431}.Ad-Hoc|x64.Build.0 = Release|Any CPU
		{97DC6C1E-979D-41D0-8C67-C523D6E79431}.Ad-Hoc|x64.Deploy.0 = Release|Any CPU
		{97DC6C1E-979D-41D0-8C67-C523D6E79431}.Ad-Hoc|x86.ActiveCfg = Release|Any CPU
		{97DC6C1E-979D-41D0-8C67-C523D6E79431}.Ad-Hoc|x86.Build.0 = Release|Any CPU
		{97DC6C1E-979D-41D0-8C67-C523D6E79431}.Ad-Hoc|x86.Deploy.0 = Release|Any CPU
		{97DC6C1E-979D-41D0-8C67-C523D6E79431}.AppStore|Any CPU.ActiveCfg = Release|Any CPU
		{97DC6C1E-979D-41D0-8C67-C523D6E79431}.AppStore|Any CPU.Build.0 = Release|Any CPU
		{97DC6C1E-979D-41D0-8C67-C523D6E79431}.AppStore|Any CPU.Deploy.0 = Release|Any CPU
		{97DC6C1E-979D-41D0-8C67-C523D6E79431}.AppStore|ARM.ActiveCfg = Release|Any CPU
		{97DC6C1E-979D-41D0-8C67-C523D6E79431}.AppStore|ARM.Build.0 = Release|Any CPU
		{97DC6C1E-979D-41D0-8C67-C523D6E79431}.AppStore|ARM.Deploy.0 = Release|Any CPU
		{97DC6C1E-979D-41D0-8C67-C523D6E79431}.AppStore|iPhone.ActiveCfg = Release|Any CPU
		{97DC6C1E-979D-41D0-8C67-C523D6E79431}.AppStore|iPhone.Build.0 = Release|Any CPU
		{97DC6C1E-979D-41D0-8C67-C523D6E79431}.AppStore|iPhone.Deploy.0 = Release|Any CPU
		{97DC6C1E-979D-41D0-8C67-C523D6E79431}.AppStore|iPhoneSimulator.ActiveCfg = Release|Any CPU
		{97DC6C1E-979D-41D0-8C67-C523D6E79431}.AppStore|iPhoneSimulator.Build.0 = Release|Any CPU
		{97DC6C1E-979D-41D0-8C67-C523D6E79431}.AppStore|iPhoneSimulator.Deploy.0 = Release|Any CPU
		{97DC6C1E-979D-41D0-8C67-C523D6E79431}.AppStore|x64.ActiveCfg = Release|Any CPU
		{97DC6C1E-979D-41D0-8C67-C523D6E79431}.AppStore|x64.Build.0 = Release|Any CPU
		{97DC6C1E-979D-41D0-8C67-C523D6E79431}.AppStore|x64.Deploy.0 = Release|Any CPU
		{97DC6C1E-979D-41D0-8C67-C523D6E79431}.AppStore|x86.ActiveCfg = Release|Any CPU
		{97DC6C1E-979D-41D0-8C67-C523D6E79431}.AppStore|x86.Build.0 = Release|Any CPU
		{97DC6C1E-979D-41D0-8C67-C523D6E79431}.AppStore|x86.Deploy.0 = Release|Any CPU
		{97DC6C1E-979D-41D0-8C67-C523D6E79431}.Debug|Any CPU.ActiveCfg = Debug|Any CPU
		{97DC6C1E-979D-41D0-8C67-C523D6E79431}.Debug|Any CPU.Build.0 = Debug|Any CPU
		{97DC6C1E-979D-41D0-8C67-C523D6E79431}.Debug|Any CPU.Deploy.0 = Debug|Any CPU
		{97DC6C1E-979D-41D0-8C67-C523D6E79431}.Debug|ARM.ActiveCfg = Debug|Any CPU
		{97DC6C1E-979D-41D0-8C67-C523D6E79431}.Debug|ARM.Build.0 = Debug|Any CPU
		{97DC6C1E-979D-41D0-8C67-C523D6E79431}.Debug|ARM.Deploy.0 = Debug|Any CPU
		{97DC6C1E-979D-41D0-8C67-C523D6E79431}.Debug|iPhone.ActiveCfg = Debug|Any CPU
		{97DC6C1E-979D-41D0-8C67-C523D6E79431}.Debug|iPhone.Build.0 = Debug|Any CPU
		{97DC6C1E-979D-41D0-8C67-C523D6E79431}.Debug|iPhone.Deploy.0 = Debug|Any CPU
		{97DC6C1E-979D-41D0-8C67-C523D6E79431}.Debug|iPhoneSimulator.ActiveCfg = Debug|Any CPU
		{97DC6C1E-979D-41D0-8C67-C523D6E79431}.Debug|iPhoneSimulator.Build.0 = Debug|Any CPU
		{97DC6C1E-979D-41D0-8C67-C523D6E79431}.Debug|iPhoneSimulator.Deploy.0 = Debug|Any CPU
		{97DC6C1E-979D-41D0-8C67-C523D6E79431}.Debug|x64.ActiveCfg = Debug|Any CPU
		{97DC6C1E-979D-41D0-8C67-C523D6E79431}.Debug|x64.Build.0 = Debug|Any CPU
		{97DC6C1E-979D-41D0-8C67-C523D6E79431}.Debug|x64.Deploy.0 = Debug|Any CPU
		{97DC6C1E-979D-41D0-8C67-C523D6E79431}.Debug|x86.ActiveCfg = Debug|Any CPU
		{97DC6C1E-979D-41D0-8C67-C523D6E79431}.Debug|x86.Build.0 = Debug|Any CPU
		{97DC6C1E-979D-41D0-8C67-C523D6E79431}.Debug|x86.Deploy.0 = Debug|Any CPU
		{97DC6C1E-979D-41D0-8C67-C523D6E79431}.Release|Any CPU.ActiveCfg = Release|Any CPU
		{97DC6C1E-979D-41D0-8C67-C523D6E79431}.Release|Any CPU.Build.0 = Release|Any CPU
		{97DC6C1E-979D-41D0-8C67-C523D6E79431}.Release|Any CPU.Deploy.0 = Release|Any CPU
		{97DC6C1E-979D-41D0-8C67-C523D6E79431}.Release|ARM.ActiveCfg = Release|Any CPU
		{97DC6C1E-979D-41D0-8C67-C523D6E79431}.Release|ARM.Build.0 = Release|Any CPU
		{97DC6C1E-979D-41D0-8C67-C523D6E79431}.Release|ARM.Deploy.0 = Release|Any CPU
		{97DC6C1E-979D-41D0-8C67-C523D6E79431}.Release|iPhone.ActiveCfg = Release|Any CPU
		{97DC6C1E-979D-41D0-8C67-C523D6E79431}.Release|iPhone.Build.0 = Release|Any CPU
		{97DC6C1E-979D-41D0-8C67-C523D6E79431}.Release|iPhone.Deploy.0 = Release|Any CPU
		{97DC6C1E-979D-41D0-8C67-C523D6E79431}.Release|iPhoneSimulator.ActiveCfg = Release|Any CPU
		{97DC6C1E-979D-41D0-8C67-C523D6E79431}.Release|iPhoneSimulator.Build.0 = Release|Any CPU
		{97DC6C1E-979D-41D0-8C67-C523D6E79431}.Release|iPhoneSimulator.Deploy.0 = Release|Any CPU
		{97DC6C1E-979D-41D0-8C67-C523D6E79431}.Release|x64.ActiveCfg = Release|Any CPU
		{97DC6C1E-979D-41D0-8C67-C523D6E79431}.Release|x64.Build.0 = Release|Any CPU
		{97DC6C1E-979D-41D0-8C67-C523D6E79431}.Release|x64.Deploy.0 = Release|Any CPU
		{97DC6C1E-979D-41D0-8C67-C523D6E79431}.Release|x86.ActiveCfg = Release|Any CPU
		{97DC6C1E-979D-41D0-8C67-C523D6E79431}.Release|x86.Build.0 = Release|Any CPU
		{97DC6C1E-979D-41D0-8C67-C523D6E79431}.Release|x86.Deploy.0 = Release|Any CPU
		{56184560-C448-412B-8C96-D0538312360E}.Ad-Hoc|Any CPU.ActiveCfg = Ad-Hoc|iPhone
		{56184560-C448-412B-8C96-D0538312360E}.Ad-Hoc|ARM.ActiveCfg = Ad-Hoc|iPhone
		{56184560-C448-412B-8C96-D0538312360E}.Ad-Hoc|iPhone.ActiveCfg = Ad-Hoc|iPhone
		{56184560-C448-412B-8C96-D0538312360E}.Ad-Hoc|iPhone.Build.0 = Ad-Hoc|iPhone
		{56184560-C448-412B-8C96-D0538312360E}.Ad-Hoc|iPhoneSimulator.ActiveCfg = Ad-Hoc|iPhoneSimulator
		{56184560-C448-412B-8C96-D0538312360E}.Ad-Hoc|iPhoneSimulator.Build.0 = Ad-Hoc|iPhoneSimulator
		{56184560-C448-412B-8C96-D0538312360E}.Ad-Hoc|x64.ActiveCfg = Ad-Hoc|iPhone
		{56184560-C448-412B-8C96-D0538312360E}.Ad-Hoc|x86.ActiveCfg = Ad-Hoc|iPhone
		{56184560-C448-412B-8C96-D0538312360E}.AppStore|Any CPU.ActiveCfg = AppStore|iPhone
		{56184560-C448-412B-8C96-D0538312360E}.AppStore|ARM.ActiveCfg = AppStore|iPhone
		{56184560-C448-412B-8C96-D0538312360E}.AppStore|iPhone.ActiveCfg = AppStore|iPhone
		{56184560-C448-412B-8C96-D0538312360E}.AppStore|iPhone.Build.0 = AppStore|iPhone
		{56184560-C448-412B-8C96-D0538312360E}.AppStore|iPhoneSimulator.ActiveCfg = AppStore|iPhoneSimulator
		{56184560-C448-412B-8C96-D0538312360E}.AppStore|iPhoneSimulator.Build.0 = AppStore|iPhoneSimulator
		{56184560-C448-412B-8C96-D0538312360E}.AppStore|x64.ActiveCfg = AppStore|iPhone
		{56184560-C448-412B-8C96-D0538312360E}.AppStore|x86.ActiveCfg = AppStore|iPhone
		{56184560-C448-412B-8C96-D0538312360E}.Debug|Any CPU.ActiveCfg = Debug|iPhone
		{56184560-C448-412B-8C96-D0538312360E}.Debug|ARM.ActiveCfg = Debug|iPhone
		{56184560-C448-412B-8C96-D0538312360E}.Debug|iPhone.ActiveCfg = Debug|iPhone
		{56184560-C448-412B-8C96-D0538312360E}.Debug|iPhone.Build.0 = Debug|iPhone
		{56184560-C448-412B-8C96-D0538312360E}.Debug|iPhoneSimulator.ActiveCfg = Debug|iPhoneSimulator
		{56184560-C448-412B-8C96-D0538312360E}.Debug|iPhoneSimulator.Build.0 = Debug|iPhoneSimulator
		{56184560-C448-412B-8C96-D0538312360E}.Debug|x64.ActiveCfg = Debug|iPhone
		{56184560-C448-412B-8C96-D0538312360E}.Debug|x86.ActiveCfg = Debug|iPhone
		{56184560-C448-412B-8C96-D0538312360E}.Release|Any CPU.ActiveCfg = Release|iPhone
		{56184560-C448-412B-8C96-D0538312360E}.Release|ARM.ActiveCfg = Release|iPhone
		{56184560-C448-412B-8C96-D0538312360E}.Release|iPhone.ActiveCfg = Release|iPhone
		{56184560-C448-412B-8C96-D0538312360E}.Release|iPhone.Build.0 = Release|iPhone
		{56184560-C448-412B-8C96-D0538312360E}.Release|iPhoneSimulator.ActiveCfg = Release|iPhoneSimulator
		{56184560-C448-412B-8C96-D0538312360E}.Release|iPhoneSimulator.Build.0 = Release|iPhoneSimulator
		{56184560-C448-412B-8C96-D0538312360E}.Release|x64.ActiveCfg = Release|iPhone
		{56184560-C448-412B-8C96-D0538312360E}.Release|x86.ActiveCfg = Release|iPhone
		{791AC08D-8D62-4239-A4B8-B40BD564EEF2}.Ad-Hoc|Any CPU.ActiveCfg = Release|Any CPU
		{791AC08D-8D62-4239-A4B8-B40BD564EEF2}.Ad-Hoc|Any CPU.Build.0 = Release|Any CPU
		{791AC08D-8D62-4239-A4B8-B40BD564EEF2}.Ad-Hoc|Any CPU.Deploy.0 = Release|Any CPU
		{791AC08D-8D62-4239-A4B8-B40BD564EEF2}.Ad-Hoc|ARM.ActiveCfg = Release|ARM
		{791AC08D-8D62-4239-A4B8-B40BD564EEF2}.Ad-Hoc|ARM.Build.0 = Release|ARM
		{791AC08D-8D62-4239-A4B8-B40BD564EEF2}.Ad-Hoc|ARM.Deploy.0 = Release|ARM
		{791AC08D-8D62-4239-A4B8-B40BD564EEF2}.Ad-Hoc|iPhone.ActiveCfg = Release|Any CPU
		{791AC08D-8D62-4239-A4B8-B40BD564EEF2}.Ad-Hoc|iPhone.Build.0 = Release|Any CPU
		{791AC08D-8D62-4239-A4B8-B40BD564EEF2}.Ad-Hoc|iPhone.Deploy.0 = Release|Any CPU
		{791AC08D-8D62-4239-A4B8-B40BD564EEF2}.Ad-Hoc|iPhoneSimulator.ActiveCfg = Release|Any CPU
		{791AC08D-8D62-4239-A4B8-B40BD564EEF2}.Ad-Hoc|iPhoneSimulator.Build.0 = Release|Any CPU
		{791AC08D-8D62-4239-A4B8-B40BD564EEF2}.Ad-Hoc|iPhoneSimulator.Deploy.0 = Release|Any CPU
		{791AC08D-8D62-4239-A4B8-B40BD564EEF2}.Ad-Hoc|x64.ActiveCfg = Release|Any CPU
		{791AC08D-8D62-4239-A4B8-B40BD564EEF2}.Ad-Hoc|x64.Build.0 = Release|Any CPU
		{791AC08D-8D62-4239-A4B8-B40BD564EEF2}.Ad-Hoc|x64.Deploy.0 = Release|Any CPU
		{791AC08D-8D62-4239-A4B8-B40BD564EEF2}.Ad-Hoc|x86.ActiveCfg = Release|x86
		{791AC08D-8D62-4239-A4B8-B40BD564EEF2}.Ad-Hoc|x86.Build.0 = Release|x86
		{791AC08D-8D62-4239-A4B8-B40BD564EEF2}.Ad-Hoc|x86.Deploy.0 = Release|x86
		{791AC08D-8D62-4239-A4B8-B40BD564EEF2}.AppStore|Any CPU.ActiveCfg = Release|Any CPU
		{791AC08D-8D62-4239-A4B8-B40BD564EEF2}.AppStore|Any CPU.Build.0 = Release|Any CPU
		{791AC08D-8D62-4239-A4B8-B40BD564EEF2}.AppStore|Any CPU.Deploy.0 = Release|Any CPU
		{791AC08D-8D62-4239-A4B8-B40BD564EEF2}.AppStore|ARM.ActiveCfg = Release|ARM
		{791AC08D-8D62-4239-A4B8-B40BD564EEF2}.AppStore|ARM.Build.0 = Release|ARM
		{791AC08D-8D62-4239-A4B8-B40BD564EEF2}.AppStore|ARM.Deploy.0 = Release|ARM
		{791AC08D-8D62-4239-A4B8-B40BD564EEF2}.AppStore|iPhone.ActiveCfg = Release|Any CPU
		{791AC08D-8D62-4239-A4B8-B40BD564EEF2}.AppStore|iPhone.Build.0 = Release|Any CPU
		{791AC08D-8D62-4239-A4B8-B40BD564EEF2}.AppStore|iPhone.Deploy.0 = Release|Any CPU
		{791AC08D-8D62-4239-A4B8-B40BD564EEF2}.AppStore|iPhoneSimulator.ActiveCfg = Release|Any CPU
		{791AC08D-8D62-4239-A4B8-B40BD564EEF2}.AppStore|iPhoneSimulator.Build.0 = Release|Any CPU
		{791AC08D-8D62-4239-A4B8-B40BD564EEF2}.AppStore|iPhoneSimulator.Deploy.0 = Release|Any CPU
		{791AC08D-8D62-4239-A4B8-B40BD564EEF2}.AppStore|x64.ActiveCfg = Release|Any CPU
		{791AC08D-8D62-4239-A4B8-B40BD564EEF2}.AppStore|x64.Build.0 = Release|Any CPU
		{791AC08D-8D62-4239-A4B8-B40BD564EEF2}.AppStore|x64.Deploy.0 = Release|Any CPU
		{791AC08D-8D62-4239-A4B8-B40BD564EEF2}.AppStore|x86.ActiveCfg = Release|x86
		{791AC08D-8D62-4239-A4B8-B40BD564EEF2}.AppStore|x86.Build.0 = Release|x86
		{791AC08D-8D62-4239-A4B8-B40BD564EEF2}.AppStore|x86.Deploy.0 = Release|x86
		{791AC08D-8D62-4239-A4B8-B40BD564EEF2}.Debug|Any CPU.ActiveCfg = Debug|Any CPU
		{791AC08D-8D62-4239-A4B8-B40BD564EEF2}.Debug|Any CPU.Build.0 = Debug|Any CPU
		{791AC08D-8D62-4239-A4B8-B40BD564EEF2}.Debug|Any CPU.Deploy.0 = Debug|Any CPU
		{791AC08D-8D62-4239-A4B8-B40BD564EEF2}.Debug|ARM.ActiveCfg = Debug|ARM
		{791AC08D-8D62-4239-A4B8-B40BD564EEF2}.Debug|ARM.Build.0 = Debug|ARM
		{791AC08D-8D62-4239-A4B8-B40BD564EEF2}.Debug|ARM.Deploy.0 = Debug|ARM
		{791AC08D-8D62-4239-A4B8-B40BD564EEF2}.Debug|iPhone.ActiveCfg = Debug|Any CPU
		{791AC08D-8D62-4239-A4B8-B40BD564EEF2}.Debug|iPhone.Build.0 = Debug|Any CPU
		{791AC08D-8D62-4239-A4B8-B40BD564EEF2}.Debug|iPhone.Deploy.0 = Debug|Any CPU
		{791AC08D-8D62-4239-A4B8-B40BD564EEF2}.Debug|iPhoneSimulator.ActiveCfg = Debug|Any CPU
		{791AC08D-8D62-4239-A4B8-B40BD564EEF2}.Debug|iPhoneSimulator.Build.0 = Debug|Any CPU
		{791AC08D-8D62-4239-A4B8-B40BD564EEF2}.Debug|iPhoneSimulator.Deploy.0 = Debug|Any CPU
		{791AC08D-8D62-4239-A4B8-B40BD564EEF2}.Debug|x64.ActiveCfg = Debug|Any CPU
		{791AC08D-8D62-4239-A4B8-B40BD564EEF2}.Debug|x64.Build.0 = Debug|Any CPU
		{791AC08D-8D62-4239-A4B8-B40BD564EEF2}.Debug|x64.Deploy.0 = Debug|Any CPU
		{791AC08D-8D62-4239-A4B8-B40BD564EEF2}.Debug|x86.ActiveCfg = Debug|x86
		{791AC08D-8D62-4239-A4B8-B40BD564EEF2}.Debug|x86.Build.0 = Debug|x86
		{791AC08D-8D62-4239-A4B8-B40BD564EEF2}.Debug|x86.Deploy.0 = Debug|x86
		{791AC08D-8D62-4239-A4B8-B40BD564EEF2}.Release|Any CPU.ActiveCfg = Release|Any CPU
		{791AC08D-8D62-4239-A4B8-B40BD564EEF2}.Release|Any CPU.Build.0 = Release|Any CPU
		{791AC08D-8D62-4239-A4B8-B40BD564EEF2}.Release|Any CPU.Deploy.0 = Release|Any CPU
		{791AC08D-8D62-4239-A4B8-B40BD564EEF2}.Release|ARM.ActiveCfg = Release|ARM
		{791AC08D-8D62-4239-A4B8-B40BD564EEF2}.Release|ARM.Build.0 = Release|ARM
		{791AC08D-8D62-4239-A4B8-B40BD564EEF2}.Release|ARM.Deploy.0 = Release|ARM
		{791AC08D-8D62-4239-A4B8-B40BD564EEF2}.Release|iPhone.ActiveCfg = Release|Any CPU
		{791AC08D-8D62-4239-A4B8-B40BD564EEF2}.Release|iPhone.Build.0 = Release|Any CPU
		{791AC08D-8D62-4239-A4B8-B40BD564EEF2}.Release|iPhone.Deploy.0 = Release|Any CPU
		{791AC08D-8D62-4239-A4B8-B40BD564EEF2}.Release|iPhoneSimulator.ActiveCfg = Release|Any CPU
		{791AC08D-8D62-4239-A4B8-B40BD564EEF2}.Release|iPhoneSimulator.Build.0 = Release|Any CPU
		{791AC08D-8D62-4239-A4B8-B40BD564EEF2}.Release|iPhoneSimulator.Deploy.0 = Release|Any CPU
		{791AC08D-8D62-4239-A4B8-B40BD564EEF2}.Release|x64.ActiveCfg = Release|Any CPU
		{791AC08D-8D62-4239-A4B8-B40BD564EEF2}.Release|x64.Build.0 = Release|Any CPU
		{791AC08D-8D62-4239-A4B8-B40BD564EEF2}.Release|x64.Deploy.0 = Release|Any CPU
		{791AC08D-8D62-4239-A4B8-B40BD564EEF2}.Release|x86.ActiveCfg = Release|x86
		{791AC08D-8D62-4239-A4B8-B40BD564EEF2}.Release|x86.Build.0 = Release|x86
		{791AC08D-8D62-4239-A4B8-B40BD564EEF2}.Release|x86.Deploy.0 = Release|x86
		{A149B300-117F-41E2-B810-64B25417E1CD}.Ad-Hoc|Any CPU.ActiveCfg = Release|x86
		{A149B300-117F-41E2-B810-64B25417E1CD}.Ad-Hoc|Any CPU.Build.0 = Release|x86
		{A149B300-117F-41E2-B810-64B25417E1CD}.Ad-Hoc|Any CPU.Deploy.0 = Release|x86
		{A149B300-117F-41E2-B810-64B25417E1CD}.Ad-Hoc|ARM.ActiveCfg = Release|ARM
		{A149B300-117F-41E2-B810-64B25417E1CD}.Ad-Hoc|ARM.Build.0 = Release|ARM
		{A149B300-117F-41E2-B810-64B25417E1CD}.Ad-Hoc|ARM.Deploy.0 = Release|ARM
		{A149B300-117F-41E2-B810-64B25417E1CD}.Ad-Hoc|iPhone.ActiveCfg = Release|x86
		{A149B300-117F-41E2-B810-64B25417E1CD}.Ad-Hoc|iPhone.Build.0 = Release|x86
		{A149B300-117F-41E2-B810-64B25417E1CD}.Ad-Hoc|iPhone.Deploy.0 = Release|x86
		{A149B300-117F-41E2-B810-64B25417E1CD}.Ad-Hoc|iPhoneSimulator.ActiveCfg = Release|x86
		{A149B300-117F-41E2-B810-64B25417E1CD}.Ad-Hoc|iPhoneSimulator.Build.0 = Release|x86
		{A149B300-117F-41E2-B810-64B25417E1CD}.Ad-Hoc|iPhoneSimulator.Deploy.0 = Release|x86
		{A149B300-117F-41E2-B810-64B25417E1CD}.Ad-Hoc|x64.ActiveCfg = Release|x64
		{A149B300-117F-41E2-B810-64B25417E1CD}.Ad-Hoc|x64.Build.0 = Release|x64
		{A149B300-117F-41E2-B810-64B25417E1CD}.Ad-Hoc|x64.Deploy.0 = Release|x64
		{A149B300-117F-41E2-B810-64B25417E1CD}.Ad-Hoc|x86.ActiveCfg = Release|x86
		{A149B300-117F-41E2-B810-64B25417E1CD}.Ad-Hoc|x86.Build.0 = Release|x86
		{A149B300-117F-41E2-B810-64B25417E1CD}.Ad-Hoc|x86.Deploy.0 = Release|x86
		{A149B300-117F-41E2-B810-64B25417E1CD}.AppStore|Any CPU.ActiveCfg = Release|x86
		{A149B300-117F-41E2-B810-64B25417E1CD}.AppStore|Any CPU.Build.0 = Release|x86
		{A149B300-117F-41E2-B810-64B25417E1CD}.AppStore|Any CPU.Deploy.0 = Release|x86
		{A149B300-117F-41E2-B810-64B25417E1CD}.AppStore|ARM.ActiveCfg = Release|ARM
		{A149B300-117F-41E2-B810-64B25417E1CD}.AppStore|ARM.Build.0 = Release|ARM
		{A149B300-117F-41E2-B810-64B25417E1CD}.AppStore|ARM.Deploy.0 = Release|ARM
		{A149B300-117F-41E2-B810-64B25417E1CD}.AppStore|iPhone.ActiveCfg = Release|x86
		{A149B300-117F-41E2-B810-64B25417E1CD}.AppStore|iPhone.Build.0 = Release|x86
		{A149B300-117F-41E2-B810-64B25417E1CD}.AppStore|iPhone.Deploy.0 = Release|x86
		{A149B300-117F-41E2-B810-64B25417E1CD}.AppStore|iPhoneSimulator.ActiveCfg = Release|x86
		{A149B300-117F-41E2-B810-64B25417E1CD}.AppStore|iPhoneSimulator.Build.0 = Release|x86
		{A149B300-117F-41E2-B810-64B25417E1CD}.AppStore|iPhoneSimulator.Deploy.0 = Release|x86
		{A149B300-117F-41E2-B810-64B25417E1CD}.AppStore|x64.ActiveCfg = Release|x64
		{A149B300-117F-41E2-B810-64B25417E1CD}.AppStore|x64.Build.0 = Release|x64
		{A149B300-117F-41E2-B810-64B25417E1CD}.AppStore|x64.Deploy.0 = Release|x64
		{A149B300-117F-41E2-B810-64B25417E1CD}.AppStore|x86.ActiveCfg = Release|x86
		{A149B300-117F-41E2-B810-64B25417E1CD}.AppStore|x86.Build.0 = Release|x86
		{A149B300-117F-41E2-B810-64B25417E1CD}.AppStore|x86.Deploy.0 = Release|x86
		{A149B300-117F-41E2-B810-64B25417E1CD}.Debug|Any CPU.ActiveCfg = Debug|x86
		{A149B300-117F-41E2-B810-64B25417E1CD}.Debug|ARM.ActiveCfg = Debug|ARM
		{A149B300-117F-41E2-B810-64B25417E1CD}.Debug|ARM.Build.0 = Debug|ARM
		{A149B300-117F-41E2-B810-64B25417E1CD}.Debug|ARM.Deploy.0 = Debug|ARM
		{A149B300-117F-41E2-B810-64B25417E1CD}.Debug|iPhone.ActiveCfg = Debug|x86
		{A149B300-117F-41E2-B810-64B25417E1CD}.Debug|iPhoneSimulator.ActiveCfg = Debug|x86
		{A149B300-117F-41E2-B810-64B25417E1CD}.Debug|x64.ActiveCfg = Debug|x64
		{A149B300-117F-41E2-B810-64B25417E1CD}.Debug|x64.Build.0 = Debug|x64
		{A149B300-117F-41E2-B810-64B25417E1CD}.Debug|x64.Deploy.0 = Debug|x64
		{A149B300-117F-41E2-B810-64B25417E1CD}.Debug|x86.ActiveCfg = Debug|x86
		{A149B300-117F-41E2-B810-64B25417E1CD}.Debug|x86.Build.0 = Debug|x86
		{A149B300-117F-41E2-B810-64B25417E1CD}.Debug|x86.Deploy.0 = Debug|x86
		{A149B300-117F-41E2-B810-64B25417E1CD}.Release|Any CPU.ActiveCfg = Release|x86
		{A149B300-117F-41E2-B810-64B25417E1CD}.Release|ARM.ActiveCfg = Release|ARM
		{A149B300-117F-41E2-B810-64B25417E1CD}.Release|ARM.Build.0 = Release|ARM
		{A149B300-117F-41E2-B810-64B25417E1CD}.Release|ARM.Deploy.0 = Release|ARM
		{A149B300-117F-41E2-B810-64B25417E1CD}.Release|iPhone.ActiveCfg = Release|x86
		{A149B300-117F-41E2-B810-64B25417E1CD}.Release|iPhoneSimulator.ActiveCfg = Release|x86
		{A149B300-117F-41E2-B810-64B25417E1CD}.Release|x64.ActiveCfg = Release|x64
		{A149B300-117F-41E2-B810-64B25417E1CD}.Release|x64.Build.0 = Release|x64
		{A149B300-117F-41E2-B810-64B25417E1CD}.Release|x64.Deploy.0 = Release|x64
		{A149B300-117F-41E2-B810-64B25417E1CD}.Release|x86.ActiveCfg = Release|x86
		{A149B300-117F-41E2-B810-64B25417E1CD}.Release|x86.Build.0 = Release|x86
		{A149B300-117F-41E2-B810-64B25417E1CD}.Release|x86.Deploy.0 = Release|x86
		{BF37E50C-26F5-4FB7-A926-BED9001FFE36}.Ad-Hoc|Any CPU.ActiveCfg = Release|Any CPU
		{BF37E50C-26F5-4FB7-A926-BED9001FFE36}.Ad-Hoc|Any CPU.Build.0 = Release|Any CPU
		{BF37E50C-26F5-4FB7-A926-BED9001FFE36}.Ad-Hoc|Any CPU.Deploy.0 = Release|Any CPU
		{BF37E50C-26F5-4FB7-A926-BED9001FFE36}.Ad-Hoc|ARM.ActiveCfg = Release|ARM
		{BF37E50C-26F5-4FB7-A926-BED9001FFE36}.Ad-Hoc|ARM.Build.0 = Release|ARM
		{BF37E50C-26F5-4FB7-A926-BED9001FFE36}.Ad-Hoc|ARM.Deploy.0 = Release|ARM
		{BF37E50C-26F5-4FB7-A926-BED9001FFE36}.Ad-Hoc|iPhone.ActiveCfg = Release|Any CPU
		{BF37E50C-26F5-4FB7-A926-BED9001FFE36}.Ad-Hoc|iPhone.Build.0 = Release|Any CPU
		{BF37E50C-26F5-4FB7-A926-BED9001FFE36}.Ad-Hoc|iPhone.Deploy.0 = Release|Any CPU
		{BF37E50C-26F5-4FB7-A926-BED9001FFE36}.Ad-Hoc|iPhoneSimulator.ActiveCfg = Release|Any CPU
		{BF37E50C-26F5-4FB7-A926-BED9001FFE36}.Ad-Hoc|iPhoneSimulator.Build.0 = Release|Any CPU
		{BF37E50C-26F5-4FB7-A926-BED9001FFE36}.Ad-Hoc|iPhoneSimulator.Deploy.0 = Release|Any CPU
		{BF37E50C-26F5-4FB7-A926-BED9001FFE36}.Ad-Hoc|x64.ActiveCfg = Release|x64
		{BF37E50C-26F5-4FB7-A926-BED9001FFE36}.Ad-Hoc|x64.Build.0 = Release|x64
		{BF37E50C-26F5-4FB7-A926-BED9001FFE36}.Ad-Hoc|x64.Deploy.0 = Release|x64
		{BF37E50C-26F5-4FB7-A926-BED9001FFE36}.Ad-Hoc|x86.ActiveCfg = Release|x86
		{BF37E50C-26F5-4FB7-A926-BED9001FFE36}.Ad-Hoc|x86.Build.0 = Release|x86
		{BF37E50C-26F5-4FB7-A926-BED9001FFE36}.Ad-Hoc|x86.Deploy.0 = Release|x86
		{BF37E50C-26F5-4FB7-A926-BED9001FFE36}.AppStore|Any CPU.ActiveCfg = Release|Any CPU
		{BF37E50C-26F5-4FB7-A926-BED9001FFE36}.AppStore|Any CPU.Build.0 = Release|Any CPU
		{BF37E50C-26F5-4FB7-A926-BED9001FFE36}.AppStore|Any CPU.Deploy.0 = Release|Any CPU
		{BF37E50C-26F5-4FB7-A926-BED9001FFE36}.AppStore|ARM.ActiveCfg = Release|ARM
		{BF37E50C-26F5-4FB7-A926-BED9001FFE36}.AppStore|ARM.Build.0 = Release|ARM
		{BF37E50C-26F5-4FB7-A926-BED9001FFE36}.AppStore|ARM.Deploy.0 = Release|ARM
		{BF37E50C-26F5-4FB7-A926-BED9001FFE36}.AppStore|iPhone.ActiveCfg = Release|Any CPU
		{BF37E50C-26F5-4FB7-A926-BED9001FFE36}.AppStore|iPhone.Build.0 = Release|Any CPU
		{BF37E50C-26F5-4FB7-A926-BED9001FFE36}.AppStore|iPhone.Deploy.0 = Release|Any CPU
		{BF37E50C-26F5-4FB7-A926-BED9001FFE36}.AppStore|iPhoneSimulator.ActiveCfg = Release|Any CPU
		{BF37E50C-26F5-4FB7-A926-BED9001FFE36}.AppStore|iPhoneSimulator.Build.0 = Release|Any CPU
		{BF37E50C-26F5-4FB7-A926-BED9001FFE36}.AppStore|iPhoneSimulator.Deploy.0 = Release|Any CPU
		{BF37E50C-26F5-4FB7-A926-BED9001FFE36}.AppStore|x64.ActiveCfg = Release|x64
		{BF37E50C-26F5-4FB7-A926-BED9001FFE36}.AppStore|x64.Build.0 = Release|x64
		{BF37E50C-26F5-4FB7-A926-BED9001FFE36}.AppStore|x64.Deploy.0 = Release|x64
		{BF37E50C-26F5-4FB7-A926-BED9001FFE36}.AppStore|x86.ActiveCfg = Release|x86
		{BF37E50C-26F5-4FB7-A926-BED9001FFE36}.AppStore|x86.Build.0 = Release|x86
		{BF37E50C-26F5-4FB7-A926-BED9001FFE36}.AppStore|x86.Deploy.0 = Release|x86
		{BF37E50C-26F5-4FB7-A926-BED9001FFE36}.Debug|Any CPU.ActiveCfg = Debug|Any CPU
		{BF37E50C-26F5-4FB7-A926-BED9001FFE36}.Debug|Any CPU.Build.0 = Debug|Any CPU
		{BF37E50C-26F5-4FB7-A926-BED9001FFE36}.Debug|Any CPU.Deploy.0 = Debug|Any CPU
		{BF37E50C-26F5-4FB7-A926-BED9001FFE36}.Debug|ARM.ActiveCfg = Debug|ARM
		{BF37E50C-26F5-4FB7-A926-BED9001FFE36}.Debug|ARM.Build.0 = Debug|ARM
		{BF37E50C-26F5-4FB7-A926-BED9001FFE36}.Debug|ARM.Deploy.0 = Debug|ARM
		{BF37E50C-26F5-4FB7-A926-BED9001FFE36}.Debug|iPhone.ActiveCfg = Debug|Any CPU
		{BF37E50C-26F5-4FB7-A926-BED9001FFE36}.Debug|iPhone.Build.0 = Debug|Any CPU
		{BF37E50C-26F5-4FB7-A926-BED9001FFE36}.Debug|iPhone.Deploy.0 = Debug|Any CPU
		{BF37E50C-26F5-4FB7-A926-BED9001FFE36}.Debug|iPhoneSimulator.ActiveCfg = Debug|Any CPU
		{BF37E50C-26F5-4FB7-A926-BED9001FFE36}.Debug|iPhoneSimulator.Build.0 = Debug|Any CPU
		{BF37E50C-26F5-4FB7-A926-BED9001FFE36}.Debug|iPhoneSimulator.Deploy.0 = Debug|Any CPU
		{BF37E50C-26F5-4FB7-A926-BED9001FFE36}.Debug|x64.ActiveCfg = Debug|x64
		{BF37E50C-26F5-4FB7-A926-BED9001FFE36}.Debug|x64.Build.0 = Debug|x64
		{BF37E50C-26F5-4FB7-A926-BED9001FFE36}.Debug|x64.Deploy.0 = Debug|x64
		{BF37E50C-26F5-4FB7-A926-BED9001FFE36}.Debug|x86.ActiveCfg = Debug|x86
		{BF37E50C-26F5-4FB7-A926-BED9001FFE36}.Debug|x86.Build.0 = Debug|x86
		{BF37E50C-26F5-4FB7-A926-BED9001FFE36}.Debug|x86.Deploy.0 = Debug|x86
		{BF37E50C-26F5-4FB7-A926-BED9001FFE36}.Release|Any CPU.ActiveCfg = Release|Any CPU
		{BF37E50C-26F5-4FB7-A926-BED9001FFE36}.Release|Any CPU.Build.0 = Release|Any CPU
		{BF37E50C-26F5-4FB7-A926-BED9001FFE36}.Release|Any CPU.Deploy.0 = Release|Any CPU
		{BF37E50C-26F5-4FB7-A926-BED9001FFE36}.Release|ARM.ActiveCfg = Release|ARM
		{BF37E50C-26F5-4FB7-A926-BED9001FFE36}.Release|ARM.Build.0 = Release|ARM
		{BF37E50C-26F5-4FB7-A926-BED9001FFE36}.Release|ARM.Deploy.0 = Release|ARM
		{BF37E50C-26F5-4FB7-A926-BED9001FFE36}.Release|iPhone.ActiveCfg = Release|Any CPU
		{BF37E50C-26F5-4FB7-A926-BED9001FFE36}.Release|iPhone.Build.0 = Release|Any CPU
		{BF37E50C-26F5-4FB7-A926-BED9001FFE36}.Release|iPhone.Deploy.0 = Release|Any CPU
		{BF37E50C-26F5-4FB7-A926-BED9001FFE36}.Release|iPhoneSimulator.ActiveCfg = Release|Any CPU
		{BF37E50C-26F5-4FB7-A926-BED9001FFE36}.Release|iPhoneSimulator.Build.0 = Release|Any CPU
		{BF37E50C-26F5-4FB7-A926-BED9001FFE36}.Release|iPhoneSimulator.Deploy.0 = Release|Any CPU
		{BF37E50C-26F5-4FB7-A926-BED9001FFE36}.Release|x64.ActiveCfg = Release|x64
		{BF37E50C-26F5-4FB7-A926-BED9001FFE36}.Release|x64.Build.0 = Release|x64
		{BF37E50C-26F5-4FB7-A926-BED9001FFE36}.Release|x64.Deploy.0 = Release|x64
		{BF37E50C-26F5-4FB7-A926-BED9001FFE36}.Release|x86.ActiveCfg = Release|x86
		{BF37E50C-26F5-4FB7-A926-BED9001FFE36}.Release|x86.Build.0 = Release|x86
		{BF37E50C-26F5-4FB7-A926-BED9001FFE36}.Release|x86.Deploy.0 = Release|x86
		{1A74890D-85E2-4368-8D86-82F9AA3E5B5D}.Ad-Hoc|Any CPU.ActiveCfg = Release|Any CPU
		{1A74890D-85E2-4368-8D86-82F9AA3E5B5D}.Ad-Hoc|Any CPU.Build.0 = Release|Any CPU
		{1A74890D-85E2-4368-8D86-82F9AA3E5B5D}.Ad-Hoc|ARM.ActiveCfg = Release|Any CPU
		{1A74890D-85E2-4368-8D86-82F9AA3E5B5D}.Ad-Hoc|ARM.Build.0 = Release|Any CPU
		{1A74890D-85E2-4368-8D86-82F9AA3E5B5D}.Ad-Hoc|iPhone.ActiveCfg = Release|Any CPU
		{1A74890D-85E2-4368-8D86-82F9AA3E5B5D}.Ad-Hoc|iPhone.Build.0 = Release|Any CPU
		{1A74890D-85E2-4368-8D86-82F9AA3E5B5D}.Ad-Hoc|iPhoneSimulator.ActiveCfg = Release|Any CPU
		{1A74890D-85E2-4368-8D86-82F9AA3E5B5D}.Ad-Hoc|iPhoneSimulator.Build.0 = Release|Any CPU
		{1A74890D-85E2-4368-8D86-82F9AA3E5B5D}.Ad-Hoc|x64.ActiveCfg = Release|Any CPU
		{1A74890D-85E2-4368-8D86-82F9AA3E5B5D}.Ad-Hoc|x64.Build.0 = Release|Any CPU
		{1A74890D-85E2-4368-8D86-82F9AA3E5B5D}.Ad-Hoc|x86.ActiveCfg = Release|Any CPU
		{1A74890D-85E2-4368-8D86-82F9AA3E5B5D}.Ad-Hoc|x86.Build.0 = Release|Any CPU
		{1A74890D-85E2-4368-8D86-82F9AA3E5B5D}.AppStore|Any CPU.ActiveCfg = Release|Any CPU
		{1A74890D-85E2-4368-8D86-82F9AA3E5B5D}.AppStore|Any CPU.Build.0 = Release|Any CPU
		{1A74890D-85E2-4368-8D86-82F9AA3E5B5D}.AppStore|ARM.ActiveCfg = Release|Any CPU
		{1A74890D-85E2-4368-8D86-82F9AA3E5B5D}.AppStore|ARM.Build.0 = Release|Any CPU
		{1A74890D-85E2-4368-8D86-82F9AA3E5B5D}.AppStore|iPhone.ActiveCfg = Release|Any CPU
		{1A74890D-85E2-4368-8D86-82F9AA3E5B5D}.AppStore|iPhone.Build.0 = Release|Any CPU
		{1A74890D-85E2-4368-8D86-82F9AA3E5B5D}.AppStore|iPhoneSimulator.ActiveCfg = Release|Any CPU
		{1A74890D-85E2-4368-8D86-82F9AA3E5B5D}.AppStore|iPhoneSimulator.Build.0 = Release|Any CPU
		{1A74890D-85E2-4368-8D86-82F9AA3E5B5D}.AppStore|x64.ActiveCfg = Release|Any CPU
		{1A74890D-85E2-4368-8D86-82F9AA3E5B5D}.AppStore|x64.Build.0 = Release|Any CPU
		{1A74890D-85E2-4368-8D86-82F9AA3E5B5D}.AppStore|x86.ActiveCfg = Release|Any CPU
		{1A74890D-85E2-4368-8D86-82F9AA3E5B5D}.AppStore|x86.Build.0 = Release|Any CPU
		{1A74890D-85E2-4368-8D86-82F9AA3E5B5D}.Debug|Any CPU.ActiveCfg = Debug|Any CPU
		{1A74890D-85E2-4368-8D86-82F9AA3E5B5D}.Debug|Any CPU.Build.0 = Debug|Any CPU
		{1A74890D-85E2-4368-8D86-82F9AA3E5B5D}.Debug|ARM.ActiveCfg = Debug|Any CPU
		{1A74890D-85E2-4368-8D86-82F9AA3E5B5D}.Debug|ARM.Build.0 = Debug|Any CPU
		{1A74890D-85E2-4368-8D86-82F9AA3E5B5D}.Debug|iPhone.ActiveCfg = Debug|Any CPU
		{1A74890D-85E2-4368-8D86-82F9AA3E5B5D}.Debug|iPhone.Build.0 = Debug|Any CPU
		{1A74890D-85E2-4368-8D86-82F9AA3E5B5D}.Debug|iPhoneSimulator.ActiveCfg = Debug|Any CPU
		{1A74890D-85E2-4368-8D86-82F9AA3E5B5D}.Debug|iPhoneSimulator.Build.0 = Debug|Any CPU
		{1A74890D-85E2-4368-8D86-82F9AA3E5B5D}.Debug|x64.ActiveCfg = Debug|Any CPU
		{1A74890D-85E2-4368-8D86-82F9AA3E5B5D}.Debug|x64.Build.0 = Debug|Any CPU
		{1A74890D-85E2-4368-8D86-82F9AA3E5B5D}.Debug|x86.ActiveCfg = Debug|Any CPU
		{1A74890D-85E2-4368-8D86-82F9AA3E5B5D}.Debug|x86.Build.0 = Debug|Any CPU
		{1A74890D-85E2-4368-8D86-82F9AA3E5B5D}.Release|Any CPU.ActiveCfg = Release|Any CPU
		{1A74890D-85E2-4368-8D86-82F9AA3E5B5D}.Release|Any CPU.Build.0 = Release|Any CPU
		{1A74890D-85E2-4368-8D86-82F9AA3E5B5D}.Release|ARM.ActiveCfg = Release|Any CPU
		{1A74890D-85E2-4368-8D86-82F9AA3E5B5D}.Release|ARM.Build.0 = Release|Any CPU
		{1A74890D-85E2-4368-8D86-82F9AA3E5B5D}.Release|iPhone.ActiveCfg = Release|Any CPU
		{1A74890D-85E2-4368-8D86-82F9AA3E5B5D}.Release|iPhone.Build.0 = Release|Any CPU
		{1A74890D-85E2-4368-8D86-82F9AA3E5B5D}.Release|iPhoneSimulator.ActiveCfg = Release|Any CPU
		{1A74890D-85E2-4368-8D86-82F9AA3E5B5D}.Release|iPhoneSimulator.Build.0 = Release|Any CPU
		{1A74890D-85E2-4368-8D86-82F9AA3E5B5D}.Release|x64.ActiveCfg = Release|Any CPU
		{1A74890D-85E2-4368-8D86-82F9AA3E5B5D}.Release|x64.Build.0 = Release|Any CPU
		{1A74890D-85E2-4368-8D86-82F9AA3E5B5D}.Release|x86.ActiveCfg = Release|Any CPU
		{1A74890D-85E2-4368-8D86-82F9AA3E5B5D}.Release|x86.Build.0 = Release|Any CPU
	EndGlobalSection
	GlobalSection(SolutionProperties) = preSolution
		HideSolutionNode = FALSE
	EndGlobalSection
EndGlobal
