
Microsoft Visual Studio Solution File, Format Version 12.00
# Visual Studio 14
VisualStudioVersion = 14.0.25123.0
MinimumVisualStudioVersion = 10.0.40219.1
Project("{FAE04EC0-301F-11D3-BF4B-00C04F79EFBC}") = "CalcSWi", "CalcSWi\CalcSWi.csproj", "{37BCC2CE-4C94-4813-AE5E-B6B71ABD71FE}"
EndProject
Global
	GlobalSection(SolutionConfigurationPlatforms) = preSolution
		Ad-Hoc|iPhone = Ad-Hoc|iPhone
		Ad-Hoc|iPhoneSimulator = Ad-Hoc|iPhoneSimulator
		AppStore|iPhone = AppStore|iPhone
		AppStore|iPhoneSimulator = AppStore|iPhoneSimulator
		Debug|iPhone = Debug|iPhone
		Debug|iPhoneSimulator = Debug|iPhoneSimulator
		Release|iPhone = Release|iPhone
		Release|iPhoneSimulator = Release|iPhoneSimulator
	EndGlobalSection
	GlobalSection(ProjectConfigurationPlatforms) = postSolution
		{37BCC2CE-4C94-4813-AE5E-B6B71ABD71FE}.Ad-Hoc|iPhone.ActiveCfg = Ad-Hoc|iPhone
		{37BCC2CE-4C94-4813-AE5E-B6B71ABD71FE}.Ad-Hoc|iPhone.Build.0 = Ad-Hoc|iPhone
		{37BCC2CE-4C94-4813-AE5E-B6B71ABD71FE}.Ad-Hoc|iPhoneSimulator.ActiveCfg = Ad-Hoc|iPhoneSimulator
		{37BCC2CE-4C94-4813-AE5E-B6B71ABD71FE}.Ad-Hoc|iPhoneSimulator.Build.0 = Ad-Hoc|iPhoneSimulator
		{37BCC2CE-4C94-4813-AE5E-B6B71ABD71FE}.AppStore|iPhone.ActiveCfg = AppStore|iPhone
		{37BCC2CE-4C94-4813-AE5E-B6B71ABD71FE}.AppStore|iPhone.Build.0 = AppStore|iPhone
		{37BCC2CE-4C94-4813-AE5E-B6B71ABD71FE}.AppStore|iPhoneSimulator.ActiveCfg = AppStore|iPhoneSimulator
		{37BCC2CE-4C94-4813-AE5E-B6B71ABD71FE}.AppStore|iPhoneSimulator.Build.0 = AppStore|iPhoneSimulator
		{37BCC2CE-4C94-4813-AE5E-B6B71ABD71FE}.Debug|iPhone.ActiveCfg = Debug|iPhone
		{37BCC2CE-4C94-4813-AE5E-B6B71ABD71FE}.Debug|iPhone.Build.0 = Debug|iPhone
		{37BCC2CE-4C94-4813-AE5E-B6B71ABD71FE}.Debug|iPhoneSimulator.ActiveCfg = Debug|iPhoneSimulator
		{37BCC2CE-4C94-4813-AE5E-B6B71ABD71FE}.Debug|iPhoneSimulator.Build.0 = Debug|iPhoneSimulator
		{37BCC2CE-4C94-4813-AE5E-B6B71ABD71FE}.Release|iPhone.ActiveCfg = Release|iPhone
		{37BCC2CE-4C94-4813-AE5E-B6B71ABD71FE}.Release|iPhone.Build.0 = Release|iPhone
		{37BCC2CE-4C94-4813-AE5E-B6B71ABD71FE}.Release|iPhoneSimulator.ActiveCfg = Release|iPhoneSimulator
		{37BCC2CE-4C94-4813-AE5E-B6B71ABD71FE}.Release|iPhoneSimulator.Build.0 = Release|iPhoneSimulator
	EndGlobalSection
	GlobalSection(SolutionProperties) = preSolution
		HideSolutionNode = FALSE
	EndGlobalSection
EndGlobal
