
Microsoft Visual Studio Solution File, Format Version 12.00
# Visual Studio 14
VisualStudioVersion = 14.0.25420.1
MinimumVisualStudioVersion = 10.0.40219.1
Project("{FAE04EC0-301F-11D3-BF4B-00C04F79EFBC}") = "MVVMCalc.Droid", "MVVMCalc\MVVMCalc.Droid\MVVMCalc.Droid.csproj", "{2EA0C297-E451-45FE-9298-0D056A3F059F}"
EndProject
Project("{FAE04EC0-301F-11D3-BF4B-00C04F79EFBC}") = "MVVMCalc.iOS", "MVVMCalc\MVVMCalc.iOS\MVVMCalc.iOS.csproj", "{71003AAB-7518-4975-9FB6-FB749D23C9C6}"
EndProject
Project("{FAE04EC0-301F-11D3-BF4B-00C04F79EFBC}") = "MVVMCalc.WinPhone", "MVVMCalc\MVVMCalc.WinPhone\MVVMCalc.WinPhone.csproj", "{BF3BE283-34F9-4BEC-A43C-A2DD348C8F33}"
EndProject
Project("{FAE04EC0-301F-11D3-BF4B-00C04F79EFBC}") = "MVVMCalc", "MVVMCalc\MVVMCalc\MVVMCalc.csproj", "{3668A399-EC4E-4813-A53C-B418E51E43DF}"
EndProject
Global
	GlobalSection(SolutionConfigurationPlatforms) = preSolution
		Debug|Any CPU = Debug|Any CPU
		Debug|ARM = Debug|ARM
		Debug|iPhone = Debug|iPhone
		Debug|iPhoneSimulator = Debug|iPhoneSimulator
		Debug|x86 = Debug|x86
		Release|Any CPU = Release|Any CPU
		Release|ARM = Release|ARM
		Release|iPhone = Release|iPhone
		Release|iPhoneSimulator = Release|iPhoneSimulator
		Release|x86 = Release|x86
	EndGlobalSection
	GlobalSection(ProjectConfigurationPlatforms) = postSolution
		{2EA0C297-E451-45FE-9298-0D056A3F059F}.Debug|Any CPU.ActiveCfg = Debug|Any CPU
		{2EA0C297-E451-45FE-9298-0D056A3F059F}.Debug|Any CPU.Build.0 = Debug|Any CPU
		{2EA0C297-E451-45FE-9298-0D056A3F059F}.Debug|Any CPU.Deploy.0 = Debug|Any CPU
		{2EA0C297-E451-45FE-9298-0D056A3F059F}.Debug|ARM.ActiveCfg = Debug|Any CPU
		{2EA0C297-E451-45FE-9298-0D056A3F059F}.Debug|ARM.Build.0 = Debug|Any CPU
		{2EA0C297-E451-45FE-9298-0D056A3F059F}.Debug|ARM.Deploy.0 = Debug|Any CPU
		{2EA0C297-E451-45FE-9298-0D056A3F059F}.Debug|iPhone.ActiveCfg = Debug|Any CPU
		{2EA0C297-E451-45FE-9298-0D056A3F059F}.Debug|iPhone.Build.0 = Debug|Any CPU
		{2EA0C297-E451-45FE-9298-0D056A3F059F}.Debug|iPhone.Deploy.0 = Debug|Any CPU
		{2EA0C297-E451-45FE-9298-0D056A3F059F}.Debug|iPhoneSimulator.ActiveCfg = Debug|Any CPU
		{2EA0C297-E451-45FE-9298-0D056A3F059F}.Debug|iPhoneSimulator.Build.0 = Debug|Any CPU
		{2EA0C297-E451-45FE-9298-0D056A3F059F}.Debug|iPhoneSimulator.Deploy.0 = Debug|Any CPU
		{2EA0C297-E451-45FE-9298-0D056A3F059F}.Debug|x86.ActiveCfg = Debug|Any CPU
		{2EA0C297-E451-45FE-9298-0D056A3F059F}.Debug|x86.Build.0 = Debug|Any CPU
		{2EA0C297-E451-45FE-9298-0D056A3F059F}.Debug|x86.Deploy.0 = Debug|Any CPU
		{2EA0C297-E451-45FE-9298-0D056A3F059F}.Release|Any CPU.ActiveCfg = Release|Any CPU
		{2EA0C297-E451-45FE-9298-0D056A3F059F}.Release|Any CPU.Build.0 = Release|Any CPU
		{2EA0C297-E451-45FE-9298-0D056A3F059F}.Release|Any CPU.Deploy.0 = Release|Any CPU
		{2EA0C297-E451-45FE-9298-0D056A3F059F}.Release|ARM.ActiveCfg = Release|Any CPU
		{2EA0C297-E451-45FE-9298-0D056A3F059F}.Release|ARM.Build.0 = Release|Any CPU
		{2EA0C297-E451-45FE-9298-0D056A3F059F}.Release|ARM.Deploy.0 = Release|Any CPU
		{2EA0C297-E451-45FE-9298-0D056A3F059F}.Release|iPhone.ActiveCfg = Release|Any CPU
		{2EA0C297-E451-45FE-9298-0D056A3F059F}.Release|iPhone.Build.0 = Release|Any CPU
		{2EA0C297-E451-45FE-9298-0D056A3F059F}.Release|iPhone.Deploy.0 = Release|Any CPU
		{2EA0C297-E451-45FE-9298-0D056A3F059F}.Release|iPhoneSimulator.ActiveCfg = Release|Any CPU
		{2EA0C297-E451-45FE-9298-0D056A3F059F}.Release|iPhoneSimulator.Build.0 = Release|Any CPU
		{2EA0C297-E451-45FE-9298-0D056A3F059F}.Release|iPhoneSimulator.Deploy.0 = Release|Any CPU
		{2EA0C297-E451-45FE-9298-0D056A3F059F}.Release|x86.ActiveCfg = Release|Any CPU
		{2EA0C297-E451-45FE-9298-0D056A3F059F}.Release|x86.Build.0 = Release|Any CPU
		{2EA0C297-E451-45FE-9298-0D056A3F059F}.Release|x86.Deploy.0 = Release|Any CPU
		{71003AAB-7518-4975-9FB6-FB749D23C9C6}.Debug|Any CPU.ActiveCfg = Debug|iPhone
		{71003AAB-7518-4975-9FB6-FB749D23C9C6}.Debug|ARM.ActiveCfg = Debug|iPhone
		{71003AAB-7518-4975-9FB6-FB749D23C9C6}.Debug|iPhone.ActiveCfg = Debug|iPhone
		{71003AAB-7518-4975-9FB6-FB749D23C9C6}.Debug|iPhone.Build.0 = Debug|iPhone
		{71003AAB-7518-4975-9FB6-FB749D23C9C6}.Debug|iPhoneSimulator.ActiveCfg = Debug|iPhoneSimulator
		{71003AAB-7518-4975-9FB6-FB749D23C9C6}.Debug|iPhoneSimulator.Build.0 = Debug|iPhoneSimulator
		{71003AAB-7518-4975-9FB6-FB749D23C9C6}.Debug|x86.ActiveCfg = Debug|iPhone
		{71003AAB-7518-4975-9FB6-FB749D23C9C6}.Release|Any CPU.ActiveCfg = Release|iPhone
		{71003AAB-7518-4975-9FB6-FB749D23C9C6}.Release|ARM.ActiveCfg = Release|iPhone
		{71003AAB-7518-4975-9FB6-FB749D23C9C6}.Release|iPhone.ActiveCfg = Release|iPhone
		{71003AAB-7518-4975-9FB6-FB749D23C9C6}.Release|iPhone.Build.0 = Release|iPhone
		{71003AAB-7518-4975-9FB6-FB749D23C9C6}.Release|iPhoneSimulator.ActiveCfg = Release|iPhoneSimulator
		{71003AAB-7518-4975-9FB6-FB749D23C9C6}.Release|iPhoneSimulator.Build.0 = Release|iPhoneSimulator
		{71003AAB-7518-4975-9FB6-FB749D23C9C6}.Release|x86.ActiveCfg = Release|iPhone
		{BF3BE283-34F9-4BEC-A43C-A2DD348C8F33}.Debug|Any CPU.ActiveCfg = Debug|Any CPU
		{BF3BE283-34F9-4BEC-A43C-A2DD348C8F33}.Debug|Any CPU.Build.0 = Debug|Any CPU
		{BF3BE283-34F9-4BEC-A43C-A2DD348C8F33}.Debug|Any CPU.Deploy.0 = Debug|Any CPU
		{BF3BE283-34F9-4BEC-A43C-A2DD348C8F33}.Debug|ARM.ActiveCfg = Debug|ARM
		{BF3BE283-34F9-4BEC-A43C-A2DD348C8F33}.Debug|ARM.Build.0 = Debug|ARM
		{BF3BE283-34F9-4BEC-A43C-A2DD348C8F33}.Debug|ARM.Deploy.0 = Debug|ARM
		{BF3BE283-34F9-4BEC-A43C-A2DD348C8F33}.Debug|iPhone.ActiveCfg = Debug|Any CPU
		{BF3BE283-34F9-4BEC-A43C-A2DD348C8F33}.Debug|iPhone.Build.0 = Debug|Any CPU
		{BF3BE283-34F9-4BEC-A43C-A2DD348C8F33}.Debug|iPhone.Deploy.0 = Debug|Any CPU
		{BF3BE283-34F9-4BEC-A43C-A2DD348C8F33}.Debug|iPhoneSimulator.ActiveCfg = Debug|Any CPU
		{BF3BE283-34F9-4BEC-A43C-A2DD348C8F33}.Debug|iPhoneSimulator.Build.0 = Debug|Any CPU
		{BF3BE283-34F9-4BEC-A43C-A2DD348C8F33}.Debug|iPhoneSimulator.Deploy.0 = Debug|Any CPU
		{BF3BE283-34F9-4BEC-A43C-A2DD348C8F33}.Debug|x86.ActiveCfg = Debug|x86
		{BF3BE283-34F9-4BEC-A43C-A2DD348C8F33}.Debug|x86.Build.0 = Debug|x86
		{BF3BE283-34F9-4BEC-A43C-A2DD348C8F33}.Debug|x86.Deploy.0 = Debug|x86
		{BF3BE283-34F9-4BEC-A43C-A2DD348C8F33}.Release|Any CPU.ActiveCfg = Release|Any CPU
		{BF3BE283-34F9-4BEC-A43C-A2DD348C8F33}.Release|Any CPU.Build.0 = Release|Any CPU
		{BF3BE283-34F9-4BEC-A43C-A2DD348C8F33}.Release|Any CPU.Deploy.0 = Release|Any CPU
		{BF3BE283-34F9-4BEC-A43C-A2DD348C8F33}.Release|ARM.ActiveCfg = Release|ARM
		{BF3BE283-34F9-4BEC-A43C-A2DD348C8F33}.Release|ARM.Build.0 = Release|ARM
		{BF3BE283-34F9-4BEC-A43C-A2DD348C8F33}.Release|ARM.Deploy.0 = Release|ARM
		{BF3BE283-34F9-4BEC-A43C-A2DD348C8F33}.Release|iPhone.ActiveCfg = Release|Any CPU
		{BF3BE283-34F9-4BEC-A43C-A2DD348C8F33}.Release|iPhone.Build.0 = Release|Any CPU
		{BF3BE283-34F9-4BEC-A43C-A2DD348C8F33}.Release|iPhone.Deploy.0 = Release|Any CPU
		{BF3BE283-34F9-4BEC-A43C-A2DD348C8F33}.Release|iPhoneSimulator.ActiveCfg = Release|Any CPU
		{BF3BE283-34F9-4BEC-A43C-A2DD348C8F33}.Release|iPhoneSimulator.Build.0 = Release|Any CPU
		{BF3BE283-34F9-4BEC-A43C-A2DD348C8F33}.Release|iPhoneSimulator.Deploy.0 = Release|Any CPU
		{BF3BE283-34F9-4BEC-A43C-A2DD348C8F33}.Release|x86.ActiveCfg = Release|x86
		{BF3BE283-34F9-4BEC-A43C-A2DD348C8F33}.Release|x86.Build.0 = Release|x86
		{BF3BE283-34F9-4BEC-A43C-A2DD348C8F33}.Release|x86.Deploy.0 = Release|x86
		{3668A399-EC4E-4813-A53C-B418E51E43DF}.Debug|Any CPU.ActiveCfg = Debug|Any CPU
		{3668A399-EC4E-4813-A53C-B418E51E43DF}.Debug|Any CPU.Build.0 = Debug|Any CPU
		{3668A399-EC4E-4813-A53C-B418E51E43DF}.Debug|ARM.ActiveCfg = Debug|Any CPU
		{3668A399-EC4E-4813-A53C-B418E51E43DF}.Debug|ARM.Build.0 = Debug|Any CPU
		{3668A399-EC4E-4813-A53C-B418E51E43DF}.Debug|iPhone.ActiveCfg = Debug|Any CPU
		{3668A399-EC4E-4813-A53C-B418E51E43DF}.Debug|iPhone.Build.0 = Debug|Any CPU
		{3668A399-EC4E-4813-A53C-B418E51E43DF}.Debug|iPhoneSimulator.ActiveCfg = Debug|Any CPU
		{3668A399-EC4E-4813-A53C-B418E51E43DF}.Debug|iPhoneSimulator.Build.0 = Debug|Any CPU
		{3668A399-EC4E-4813-A53C-B418E51E43DF}.Debug|x86.ActiveCfg = Debug|Any CPU
		{3668A399-EC4E-4813-A53C-B418E51E43DF}.Debug|x86.Build.0 = Debug|Any CPU
		{3668A399-EC4E-4813-A53C-B418E51E43DF}.Release|Any CPU.ActiveCfg = Release|Any CPU
		{3668A399-EC4E-4813-A53C-B418E51E43DF}.Release|Any CPU.Build.0 = Release|Any CPU
		{3668A399-EC4E-4813-A53C-B418E51E43DF}.Release|ARM.ActiveCfg = Release|Any CPU
		{3668A399-EC4E-4813-A53C-B418E51E43DF}.Release|ARM.Build.0 = Release|Any CPU
		{3668A399-EC4E-4813-A53C-B418E51E43DF}.Release|iPhone.ActiveCfg = Release|Any CPU
		{3668A399-EC4E-4813-A53C-B418E51E43DF}.Release|iPhone.Build.0 = Release|Any CPU
		{3668A399-EC4E-4813-A53C-B418E51E43DF}.Release|iPhoneSimulator.ActiveCfg = Release|Any CPU
		{3668A399-EC4E-4813-A53C-B418E51E43DF}.Release|iPhoneSimulator.Build.0 = Release|Any CPU
		{3668A399-EC4E-4813-A53C-B418E51E43DF}.Release|x86.ActiveCfg = Release|Any CPU
		{3668A399-EC4E-4813-A53C-B418E51E43DF}.Release|x86.Build.0 = Release|Any CPU
	EndGlobalSection
	GlobalSection(SolutionProperties) = preSolution
		HideSolutionNode = FALSE
	EndGlobalSection
EndGlobal
