
Microsoft Visual Studio Solution File, Format Version 12.00
# Visual Studio 14
VisualStudioVersion = 14.0.25420.1
MinimumVisualStudioVersion = 10.0.40219.1
Project("{FAE04EC0-301F-11D3-BF4B-00C04F79EFBC}") = "CalcSW", "CalcSW\CalcSW.csproj", "{1C4805B4-C36B-4563-95B8-6E4896684280}"
EndProject
Project("{FAE04EC0-301F-11D3-BF4B-00C04F79EFBC}") = "CalcSWi", "..\CalcSWi\CalcSWi\CalcSWi.csproj", "{37BCC2CE-4C94-4813-AE5E-B6B71ABD71FE}"
EndProject
Global
	GlobalSection(SolutionConfigurationPlatforms) = preSolution
		Ad-Hoc|Any CPU = Ad-Hoc|Any CPU
		Ad-Hoc|iPhone = Ad-Hoc|iPhone
		Ad-Hoc|iPhoneSimulator = Ad-Hoc|iPhoneSimulator
		AppStore|Any CPU = AppStore|Any CPU
		AppStore|iPhone = AppStore|iPhone
		AppStore|iPhoneSimulator = AppStore|iPhoneSimulator
		Debug|Any CPU = Debug|Any CPU
		Debug|iPhone = Debug|iPhone
		Debug|iPhoneSimulator = Debug|iPhoneSimulator
		Release|Any CPU = Release|Any CPU
		Release|iPhone = Release|iPhone
		Release|iPhoneSimulator = Release|iPhoneSimulator
	EndGlobalSection
	GlobalSection(ProjectConfigurationPlatforms) = postSolution
		{1C4805B4-C36B-4563-95B8-6E4896684280}.Ad-Hoc|Any CPU.ActiveCfg = Release|Any CPU
		{1C4805B4-C36B-4563-95B8-6E4896684280}.Ad-Hoc|Any CPU.Build.0 = Release|Any CPU
		{1C4805B4-C36B-4563-95B8-6E4896684280}.Ad-Hoc|Any CPU.Deploy.0 = Release|Any CPU
		{1C4805B4-C36B-4563-95B8-6E4896684280}.Ad-Hoc|iPhone.ActiveCfg = Release|Any CPU
		{1C4805B4-C36B-4563-95B8-6E4896684280}.Ad-Hoc|iPhone.Build.0 = Release|Any CPU
		{1C4805B4-C36B-4563-95B8-6E4896684280}.Ad-Hoc|iPhone.Deploy.0 = Release|Any CPU
		{1C4805B4-C36B-4563-95B8-6E4896684280}.Ad-Hoc|iPhoneSimulator.ActiveCfg = Release|Any CPU
		{1C4805B4-C36B-4563-95B8-6E4896684280}.Ad-Hoc|iPhoneSimulator.Build.0 = Release|Any CPU
		{1C4805B4-C36B-4563-95B8-6E4896684280}.Ad-Hoc|iPhoneSimulator.Deploy.0 = Release|Any CPU
		{1C4805B4-C36B-4563-95B8-6E4896684280}.AppStore|Any CPU.ActiveCfg = Release|Any CPU
		{1C4805B4-C36B-4563-95B8-6E4896684280}.AppStore|Any CPU.Build.0 = Release|Any CPU
		{1C4805B4-C36B-4563-95B8-6E4896684280}.AppStore|Any CPU.Deploy.0 = Release|Any CPU
		{1C4805B4-C36B-4563-95B8-6E4896684280}.AppStore|iPhone.ActiveCfg = Release|Any CPU
		{1C4805B4-C36B-4563-95B8-6E4896684280}.AppStore|iPhone.Build.0 = Release|Any CPU
		{1C4805B4-C36B-4563-95B8-6E4896684280}.AppStore|iPhone.Deploy.0 = Release|Any CPU
		{1C4805B4-C36B-4563-95B8-6E4896684280}.AppStore|iPhoneSimulator.ActiveCfg = Release|Any CPU
		{1C4805B4-C36B-4563-95B8-6E4896684280}.AppStore|iPhoneSimulator.Build.0 = Release|Any CPU
		{1C4805B4-C36B-4563-95B8-6E4896684280}.AppStore|iPhoneSimulator.Deploy.0 = Release|Any CPU
		{1C4805B4-C36B-4563-95B8-6E4896684280}.Debug|Any CPU.ActiveCfg = Debug|Any CPU
		{1C4805B4-C36B-4563-95B8-6E4896684280}.Debug|Any CPU.Build.0 = Debug|Any CPU
		{1C4805B4-C36B-4563-95B8-6E4896684280}.Debug|Any CPU.Deploy.0 = Debug|Any CPU
		{1C4805B4-C36B-4563-95B8-6E4896684280}.Debug|iPhone.ActiveCfg = Debug|Any CPU
		{1C4805B4-C36B-4563-95B8-6E4896684280}.Debug|iPhone.Build.0 = Debug|Any CPU
		{1C4805B4-C36B-4563-95B8-6E4896684280}.Debug|iPhone.Deploy.0 = Debug|Any CPU
		{1C4805B4-C36B-4563-95B8-6E4896684280}.Debug|iPhoneSimulator.ActiveCfg = Debug|Any CPU
		{1C4805B4-C36B-4563-95B8-6E4896684280}.Debug|iPhoneSimulator.Build.0 = Debug|Any CPU
		{1C4805B4-C36B-4563-95B8-6E4896684280}.Debug|iPhoneSimulator.Deploy.0 = Debug|Any CPU
		{1C4805B4-C36B-4563-95B8-6E4896684280}.Release|Any CPU.ActiveCfg = Release|Any CPU
		{1C4805B4-C36B-4563-95B8-6E4896684280}.Release|Any CPU.Build.0 = Release|Any CPU
		{1C4805B4-C36B-4563-95B8-6E4896684280}.Release|Any CPU.Deploy.0 = Release|Any CPU
		{1C4805B4-C36B-4563-95B8-6E4896684280}.Release|iPhone.ActiveCfg = Release|Any CPU
		{1C4805B4-C36B-4563-95B8-6E4896684280}.Release|iPhone.Build.0 = Release|Any CPU
		{1C4805B4-C36B-4563-95B8-6E4896684280}.Release|iPhone.Deploy.0 = Release|Any CPU
		{1C4805B4-C36B-4563-95B8-6E4896684280}.Release|iPhoneSimulator.ActiveCfg = Release|Any CPU
		{1C4805B4-C36B-4563-95B8-6E4896684280}.Release|iPhoneSimulator.Build.0 = Release|Any CPU
		{1C4805B4-C36B-4563-95B8-6E4896684280}.Release|iPhoneSimulator.Deploy.0 = Release|Any CPU
		{37BCC2CE-4C94-4813-AE5E-B6B71ABD71FE}.Ad-Hoc|Any CPU.ActiveCfg = Ad-Hoc|iPhone
		{37BCC2CE-4C94-4813-AE5E-B6B71ABD71FE}.Ad-Hoc|iPhone.ActiveCfg = Ad-Hoc|iPhone
		{37BCC2CE-4C94-4813-AE5E-B6B71ABD71FE}.Ad-Hoc|iPhone.Build.0 = Ad-Hoc|iPhone
		{37BCC2CE-4C94-4813-AE5E-B6B71ABD71FE}.Ad-Hoc|iPhoneSimulator.ActiveCfg = Ad-Hoc|iPhoneSimulator
		{37BCC2CE-4C94-4813-AE5E-B6B71ABD71FE}.Ad-Hoc|iPhoneSimulator.Build.0 = Ad-Hoc|iPhoneSimulator
		{37BCC2CE-4C94-4813-AE5E-B6B71ABD71FE}.AppStore|Any CPU.ActiveCfg = AppStore|iPhone
		{37BCC2CE-4C94-4813-AE5E-B6B71ABD71FE}.AppStore|iPhone.ActiveCfg = AppStore|iPhone
		{37BCC2CE-4C94-4813-AE5E-B6B71ABD71FE}.AppStore|iPhone.Build.0 = AppStore|iPhone
		{37BCC2CE-4C94-4813-AE5E-B6B71ABD71FE}.AppStore|iPhoneSimulator.ActiveCfg = AppStore|iPhoneSimulator
		{37BCC2CE-4C94-4813-AE5E-B6B71ABD71FE}.AppStore|iPhoneSimulator.Build.0 = AppStore|iPhoneSimulator
		{37BCC2CE-4C94-4813-AE5E-B6B71ABD71FE}.Debug|Any CPU.ActiveCfg = Debug|iPhone
		{37BCC2CE-4C94-4813-AE5E-B6B71ABD71FE}.Debug|iPhone.ActiveCfg = Debug|iPhone
		{37BCC2CE-4C94-4813-AE5E-B6B71ABD71FE}.Debug|iPhone.Build.0 = Debug|iPhone
		{37BCC2CE-4C94-4813-AE5E-B6B71ABD71FE}.Debug|iPhoneSimulator.ActiveCfg = Debug|iPhoneSimulator
		{37BCC2CE-4C94-4813-AE5E-B6B71ABD71FE}.Debug|iPhoneSimulator.Build.0 = Debug|iPhoneSimulator
		{37BCC2CE-4C94-4813-AE5E-B6B71ABD71FE}.Release|Any CPU.ActiveCfg = Release|iPhone
		{37BCC2CE-4C94-4813-AE5E-B6B71ABD71FE}.Release|iPhone.ActiveCfg = Release|iPhone
		{37BCC2CE-4C94-4813-AE5E-B6B71ABD71FE}.Release|iPhone.Build.0 = Release|iPhone
		{37BCC2CE-4C94-4813-AE5E-B6B71ABD71FE}.Release|iPhoneSimulator.ActiveCfg = Release|iPhoneSimulator
		{37BCC2CE-4C94-4813-AE5E-B6B71ABD71FE}.Release|iPhoneSimulator.Build.0 = Release|iPhoneSimulator
	EndGlobalSection
	GlobalSection(SolutionProperties) = preSolution
		HideSolutionNode = FALSE
	EndGlobalSection
EndGlobal
